
Microsoft Visual Studio Solution File, Format Version 12.00
# Visual Studio 15
VisualStudioVersion = 15.0.28010.2019
MinimumVisualStudioVersion = 10.0.40219.1
Project("{FAE04EC0-301F-11D3-BF4B-00C04F79EFBC}") = "Types", "Types\Types.csproj", "{2983E220-29FB-4F74-A6E3-92BF59F643D0}"
EndProject
Project("{FAE04EC0-301F-11D3-BF4B-00C04F79EFBC}") = "SimpleTypes", "SimpleTypes\SimpleTypes.csproj", "{8B4A4943-CF63-4DD7-8B52-7F46E68E7B24}"
EndProject
Project("{FAE04EC0-301F-11D3-BF4B-00C04F79EFBC}") = "BazmAxyusak", "BazmAxyusak\BazmAxyusak.csproj", "{40634DC2-4BF0-4EC9-AD0A-96EFE86887DD}"
EndProject
Project("{FAE04EC0-301F-11D3-BF4B-00C04F79EFBC}") = "SimetricNumber", "SimetricNumber\SimetricNumber.csproj", "{9613501F-2C00-4C1B-8A0A-2CCAD50A5077}"
EndProject
Global
	GlobalSection(SolutionConfigurationPlatforms) = preSolution
		Debug|Any CPU = Debug|Any CPU
		Release|Any CPU = Release|Any CPU
	EndGlobalSection
	GlobalSection(ProjectConfigurationPlatforms) = postSolution
		{2983E220-29FB-4F74-A6E3-92BF59F643D0}.Debug|Any CPU.ActiveCfg = Debug|Any CPU
		{2983E220-29FB-4F74-A6E3-92BF59F643D0}.Debug|Any CPU.Build.0 = Debug|Any CPU
		{2983E220-29FB-4F74-A6E3-92BF59F643D0}.Release|Any CPU.ActiveCfg = Release|Any CPU
		{2983E220-29FB-4F74-A6E3-92BF59F643D0}.Release|Any CPU.Build.0 = Release|Any CPU
		{8B4A4943-CF63-4DD7-8B52-7F46E68E7B24}.Debug|Any CPU.ActiveCfg = Debug|Any CPU
		{8B4A4943-CF63-4DD7-8B52-7F46E68E7B24}.Debug|Any CPU.Build.0 = Debug|Any CPU
		{8B4A4943-CF63-4DD7-8B52-7F46E68E7B24}.Release|Any CPU.ActiveCfg = Release|Any CPU
		{8B4A4943-CF63-4DD7-8B52-7F46E68E7B24}.Release|Any CPU.Build.0 = Release|Any CPU
		{40634DC2-4BF0-4EC9-AD0A-96EFE86887DD}.Debug|Any CPU.ActiveCfg = Debug|Any CPU
		{40634DC2-4BF0-4EC9-AD0A-96EFE86887DD}.Debug|Any CPU.Build.0 = Debug|Any CPU
		{40634DC2-4BF0-4EC9-AD0A-96EFE86887DD}.Release|Any CPU.ActiveCfg = Release|Any CPU
		{40634DC2-4BF0-4EC9-AD0A-96EFE86887DD}.Release|Any CPU.Build.0 = Release|Any CPU
		{9613501F-2C00-4C1B-8A0A-2CCAD50A5077}.Debug|Any CPU.ActiveCfg = Debug|Any CPU
		{9613501F-2C00-4C1B-8A0A-2CCAD50A5077}.Debug|Any CPU.Build.0 = Debug|Any CPU
		{9613501F-2C00-4C1B-8A0A-2CCAD50A5077}.Release|Any CPU.ActiveCfg = Release|Any CPU
		{9613501F-2C00-4C1B-8A0A-2CCAD50A5077}.Release|Any CPU.Build.0 = Release|Any CPU
	EndGlobalSection
	GlobalSection(SolutionProperties) = preSolution
		HideSolutionNode = FALSE
	EndGlobalSection
	GlobalSection(ExtensibilityGlobals) = postSolution
		SolutionGuid = {AD70C990-744A-4EFA-8C15-DAF216A2F8A5}
	EndGlobalSection
EndGlobal
